Microsoft Visual Studio Solution File, Format Version 12.00
# Visual Studio 2012
Project("{FAE04EC0-301F-11D3-BF4B-00C04F79EFBC}") = "MovementDemo", "MovementDemo.csproj", "{90184798-02E1-4653-9DFA-1833064561ED}"
EndProject
Global
	GlobalSection(SolutionConfigurationPlatforms) = preSolution
	Debug|Any CPU = Debug|Any CPU
	ExportDebug|Any CPU = ExportDebug|Any CPU
	ExportRelease|Any CPU = ExportRelease|Any CPU
	EndGlobalSection
	GlobalSection(ProjectConfigurationPlatforms) = postSolution
		{90184798-02E1-4653-9DFA-1833064561ED}.Debug|Any CPU.ActiveCfg = Debug|Any CPU
		{90184798-02E1-4653-9DFA-1833064561ED}.Debug|Any CPU.Build.0 = Debug|Any CPU
		{90184798-02E1-4653-9DFA-1833064561ED}.ExportDebug|Any CPU.ActiveCfg = ExportDebug|Any CPU
		{90184798-02E1-4653-9DFA-1833064561ED}.ExportDebug|Any CPU.Build.0 = ExportDebug|Any CPU
		{90184798-02E1-4653-9DFA-1833064561ED}.ExportRelease|Any CPU.ActiveCfg = ExportRelease|Any CPU
		{90184798-02E1-4653-9DFA-1833064561ED}.ExportRelease|Any CPU.Build.0 = ExportRelease|Any CPU
	EndGlobalSection
EndGlobal
